
Microsoft Visual Studio Solution File, Format Version 12.00
# Visual Studio 2012
Project("{FAE04EC0-301F-11D3-BF4B-00C04F79EFBC}") = "PictureViewer", "PictureViewer\PictureViewer.csproj", "{87719B60-FBFF-4075-801B-0F5FD211D492}"
EndProject
Global
	GlobalSection(SolutionConfigurationPlatforms) = preSolution
		Debug|Any CPU = Debug|Any CPU
		Release|Any CPU = Release|Any CPU
	EndGlobalSection
	GlobalSection(ProjectConfigurationPlatforms) = postSolution
		{87719B60-FBFF-4075-801B-0F5FD211D492}.Debug|Any CPU.ActiveCfg = Debug|Any CPU
		{87719B60-FBFF-4075-801B-0F5FD211D492}.Debug|Any CPU.Build.0 = Debug|Any CPU
		{87719B60-FBFF-4075-801B-0F5FD211D492}.Release|Any CPU.ActiveCfg = Release|Any CPU
		{87719B60-FBFF-4075-801B-0F5FD211D492}.Release|Any CPU.Build.0 = Release|Any CPU
	EndGlobalSection
	GlobalSection(SolutionProperties) = preSolution
		HideSolutionNode = FALSE
	EndGlobalSection
EndGlobal
